
Microsoft Visual Studio Solution File, Format Version 12.00
# Visual Studio Version 17
VisualStudioVersion = 17.5.2.0
MinimumVisualStudioVersion = 10.0.40219.1
Project("{2150E333-8FDC-42A3-9474-1A3956D46DE8}") = "Coach", "Coach", "{0BADF6E0-0417-03FB-EBEC-2B61D4053222}"
EndProject
Project("{2150E333-8FDC-42A3-9474-1A3956D46DE8}") = "Solutions", "Solutions", "{D9630D4F-34FE-18EB-9EA6-10233B8F9402}"
EndProject
Project("{2150E333-8FDC-42A3-9474-1A3956D46DE8}") = "Challenge-02", "Challenge-02", "{6F8A6558-F522-F000-7689-8F59E486DB2E}"
EndProject
Project("{2150E333-8FDC-42A3-9474-1A3956D46DE8}") = "Challenge-03", "Challenge-03", "{CE01B7DE-FCA2-94F7-9654-EB9FB9AB5A6E}"
EndProject
Project("{2150E333-8FDC-42A3-9474-1A3956D46DE8}") = "Challenge-06", "Challenge-06", "{B7003042-CD9D-ED0C-D439-5E38897ABDF9}"
EndProject
Project("{2150E333-8FDC-42A3-9474-1A3956D46DE8}") = "Challenge-05", "Challenge-05", "{E8EA2FBA-E613-8D0B-BAEA-99ECEA119737}"
EndProject
Project("{2150E333-8FDC-42A3-9474-1A3956D46DE8}") = "Challenge-09", "Challenge-09", "{6EEE77EA-B67D-B7B6-CD4A-496A89DF71B2}"
EndProject
Project("{2150E333-8FDC-42A3-9474-1A3956D46DE8}") = "Challenge-04", "Challenge-04", "{BE375966-B930-D4F8-C1B5-5EBCC73B696B}"
EndProject
Project("{2150E333-8FDC-42A3-9474-1A3956D46DE8}") = "Challenge-08", "Challenge-08", "{55E0F9E6-A4F7-5284-2FFA-C7D83282290D}"
	ProjectSection(SolutionItems) = preProject
		Challenge-08\csharp\README.md = Challenge-08\csharp\README.md
	EndProjectSection
EndProject
Project("{2150E333-8FDC-42A3-9474-1A3956D46DE8}") = "Challenge-10", "Challenge-10", "{637BC86F-F9B7-3A01-35B5-6CC546CF6D7D}"
EndProject
Project("{2150E333-8FDC-42A3-9474-1A3956D46DE8}") = "Student", "Student", "{BFC11E1C-20B1-D11C-26CE-963F140147E5}"
EndProject
Project("{2150E333-8FDC-42A3-9474-1A3956D46DE8}") = "Challenge-10", "Challenge-10", "{F4BA1443-3018-3CDF-68E7-8E79BF0689CA}"
EndProject
Project("{FAE04EC0-301F-11D3-BF4B-00C04F79EFBC}") = "AgenticRAG", "..\..\Student\Resources\Challenge-10\csharp\AgenticRAG\AgenticRAG.csproj", "{F32E9E2A-B59D-4CE4-8F1D-41BD95E7EAD5}"
EndProject
Project("{2150E333-8FDC-42A3-9474-1A3956D46DE8}") = "Challenge-06", "Challenge-06", "{D0B8CDE9-75BF-2F49-E85E-D0D94C0B82D6}"
EndProject
Project("{2150E333-8FDC-42A3-9474-1A3956D46DE8}") = "Challenge-07", "Challenge-07", "{850B27BD-5D80-FFA4-6F6C-C7102A58122B}"
EndProject
Project("{FAE04EC0-301F-11D3-BF4B-00C04F79EFBC}") = "MCP.Server.Remote.Weather.Solution", "Challenge-04\csharp\MCP.Server.Remote.Weather.Solution\MCP.Server.Remote.Weather.Solution.csproj", "{5302DE61-73C7-4C1F-B006-5D6B090D5E46}"
EndProject
Project("{FAE04EC0-301F-11D3-BF4B-00C04F79EFBC}") = "AgentService.FileSearch.Solution", "Challenge-05\csharp\AgentService.FileSearch.Solution\AgentService.FileSearch.Solution.csproj", "{E0F85F0E-A2AF-4811-B326-D3F2808BC5BE}"
EndProject
Project("{FAE04EC0-301F-11D3-BF4B-00C04F79EFBC}") = "MAF.AgentWithMCP.Solution", "Challenge-06\csharp\MAF.AgentWithMCP.Solution\MAF.AgentWithMCP.Solution.csproj", "{8E5D6793-3470-4CF1-8BE7-C6260ABFE27D}"
EndProject
Project("{FAE04EC0-301F-11D3-BF4B-00C04F79EFBC}") = "SK.AgentWithMCP.Solution", "Challenge-06\csharp\SK.AgentWithMCP.Solution\SK.AgentWithMCP.Solution.csproj", "{250BAA7A-3267-49EC-84A5-96CBB1377298}"
EndProject
Project("{FAE04EC0-301F-11D3-BF4B-00C04F79EFBC}") = "MAF.Observability.AgentWithMCP.Solution", "Challenge-07\csharp\MAF.Observability.AgentWithMCP.Solution\MAF.Observability.AgentWithMCP.Solution.csproj", "{FCCDBBC9-04AB-4DD1-A3C4-505F25817F16}"
EndProject
Project("{FAE04EC0-301F-11D3-BF4B-00C04F79EFBC}") = "MCP.Client.ApiKey.SecureWeather.Solution", "Challenge-09\csharp\MCP.Client.ApiKey.SecureWeather.Solution\MCP.Client.ApiKey.SecureWeather.Solution.csproj", "{19869A7B-9DB2-4A17-9798-E8ABF7523DF1}"
EndProject
Project("{FAE04EC0-301F-11D3-BF4B-00C04F79EFBC}") = "MCP.Client.EntraID.SecureWeather.Solution", "Challenge-09\csharp\MCP.Client.EntraID.SecureWeather.Solution\MCP.Client.EntraID.SecureWeather.Solution.csproj", "{48D9168D-CD09-478A-A97C-13A0D12225AE}"
EndProject
Project("{FAE04EC0-301F-11D3-BF4B-00C04F79EFBC}") = "MCP.Server.ApiKey.SecureWeather.Solution", "Challenge-09\csharp\MCP.Server.ApiKey.SecureWeather.Solution\MCP.Server.ApiKey.SecureWeather.Solution.csproj", "{7BD3060A-3AD0-4101-B08C-D4D6588FC694}"
EndProject
Project("{FAE04EC0-301F-11D3-BF4B-00C04F79EFBC}") = "MCP.Server.EntraID.SecureWeather.Solution", "Challenge-09\csharp\MCP.Server.EntraID.SecureWeather.Solution\MCP.Server.EntraID.SecureWeather.Solution.csproj", "{B03CF79F-F01B-40FF-95DE-7DBE7047C3BE}"
EndProject
Project("{FAE04EC0-301F-11D3-BF4B-00C04F79EFBC}") = "AgenticRAG.Solution", "Challenge-10\csharp\AgenticRAG.Solution\AgenticRAG.Solution.csproj", "{1A321F02-8553-4E3A-AC0A-0168450F73AB}"
EndProject
Project("{FAE04EC0-301F-11D3-BF4B-00C04F79EFBC}") = "MCP.Server.Local.Weather.Solution", "Challenge-02\csharp\MCP.Server.Local.Weather.Solution\MCP.Server.Local.Weather.Solution.csproj", "{0ABF017C-4947-429E-B2F0-AA2AA35B871F}"
EndProject
Project("{FAE04EC0-301F-11D3-BF4B-00C04F79EFBC}") = "MCP.Client.Weather.Solution", "Challenge-03\csharp\MCP.Client.Weather.Solution\MCP.Client.Weather.Solution.csproj", "{6DF65176-C67C-4D8A-B3CE-4CAE846DDEFF}"
EndProject
Project("{FAE04EC0-301F-11D3-BF4B-00C04F79EFBC}") = "MCP.Client.AiExtensions.Weather.Solution", "Challenge-03\csharp\MCP.Client.AiExtensions.Weather.Solution\MCP.Client.AiExtensions.Weather.Solution.csproj", "{9EDFA4E5-3156-44F3-A726-E752DFE51BAA}"
EndProject
Project("{FAE04EC0-301F-11D3-BF4B-00C04F79EFBC}") = "MAF.AgentWithMCP", "..\..\Student\Resources\Challenge-06\csharp\MAF.AgentWithMCP\MAF.AgentWithMCP.csproj", "{49F9D873-0C24-41FB-9B88-2C82E6AA82D3}"
EndProject
Project("{2150E333-8FDC-42A3-9474-1A3956D46DE8}") = "Challenge-04", "Challenge-04", "{261DEACB-3D49-EE43-5353-29D2B4009621}"
EndProject
Project("{FAE04EC0-301F-11D3-BF4B-00C04F79EFBC}") = "MCP.Server.Remote.Weather", "..\..\Student\Resources\Challenge-04\csharp\MCP.Server.Remote.Weather\MCP.Server.Remote.Weather.csproj", "{C4F59B45-418A-41D4-B5CC-683B398BA4D8}"
EndProject
Project("{2150E333-8FDC-42A3-9474-1A3956D46DE8}") = "Challenge-05", "Challenge-05", "{17121FAB-60CC-3204-1E00-5AA6C40C4D66}"
EndProject
Project("{FAE04EC0-301F-11D3-BF4B-00C04F79EFBC}") = "AgentService.FileSearch", "..\..\Student\Resources\Challenge-05\csharp\AgentService.FileSearch\AgentService.FileSearch.csproj", "{9D8AE7F5-3A79-4078-8915-A7A493A0D146}"
EndProject
Project("{2150E333-8FDC-42A3-9474-1A3956D46DE8}") = "Challenge-08", "Challenge-08", "{1CCC1ED5-B36D-5399-10A7-75716E3E18E7}"
EndProject
Project("{FAE04EC0-301F-11D3-BF4B-00C04F79EFBC}") = "MAF.TravelMultiAgentClient", "..\..\Student\Resources\Challenge-08\csharp\MAF.TravelMultiAgentClient\MAF.TravelMultiAgentClient.csproj", "{70505AA0-D572-4FCE-A758-C7CF009BDE4B}"
EndProject
Project("{FAE04EC0-301F-11D3-BF4B-00C04F79EFBC}") = "MCP.Server.Travel", "..\..\Student\Resources\Challenge-08\csharp\MCP.Server.Travel\MCP.Server.Travel.csproj", "{68EB30FB-0B06-4693-BA51-D8C1F861323D}"
EndProject
Global
	GlobalSection(SolutionConfigurationPlatforms) = preSolution
		Debug|Any CPU = Debug|Any CPU
		Debug|x64 = Debug|x64
		Debug|x86 = Debug|x86
		Release|Any CPU = Release|Any CPU
		Release|x64 = Release|x64
		Release|x86 = Release|x86
	EndGlobalSection
	GlobalSection(ProjectConfigurationPlatforms) = postSolution
		{F32E9E2A-B59D-4CE4-8F1D-41BD95E7EAD5}.Debug|Any CPU.ActiveCfg = Debug|Any CPU
		{F32E9E2A-B59D-4CE4-8F1D-41BD95E7EAD5}.Debug|Any CPU.Build.0 = Debug|Any CPU
		{F32E9E2A-B59D-4CE4-8F1D-41BD95E7EAD5}.Debug|x64.ActiveCfg = Debug|Any CPU
		{F32E9E2A-B59D-4CE4-8F1D-41BD95E7EAD5}.Debug|x64.Build.0 = Debug|Any CPU
		{F32E9E2A-B59D-4CE4-8F1D-41BD95E7EAD5}.Debug|x86.ActiveCfg = Debug|Any CPU
		{F32E9E2A-B59D-4CE4-8F1D-41BD95E7EAD5}.Debug|x86.Build.0 = Debug|Any CPU
		{F32E9E2A-B59D-4CE4-8F1D-41BD95E7EAD5}.Release|Any CPU.ActiveCfg = Release|Any CPU
		{F32E9E2A-B59D-4CE4-8F1D-41BD95E7EAD5}.Release|Any CPU.Build.0 = Release|Any CPU
		{F32E9E2A-B59D-4CE4-8F1D-41BD95E7EAD5}.Release|x64.ActiveCfg = Release|Any CPU
		{F32E9E2A-B59D-4CE4-8F1D-41BD95E7EAD5}.Release|x64.Build.0 = Release|Any CPU
		{F32E9E2A-B59D-4CE4-8F1D-41BD95E7EAD5}.Release|x86.ActiveCfg = Release|Any CPU
		{F32E9E2A-B59D-4CE4-8F1D-41BD95E7EAD5}.Release|x86.Build.0 = Release|Any CPU
		{5302DE61-73C7-4C1F-B006-5D6B090D5E46}.Debug|Any CPU.ActiveCfg = Debug|Any CPU
		{5302DE61-73C7-4C1F-B006-5D6B090D5E46}.Debug|Any CPU.Build.0 = Debug|Any CPU
		{5302DE61-73C7-4C1F-B006-5D6B090D5E46}.Debug|x64.ActiveCfg = Debug|Any CPU
		{5302DE61-73C7-4C1F-B006-5D6B090D5E46}.Debug|x64.Build.0 = Debug|Any CPU
		{5302DE61-73C7-4C1F-B006-5D6B090D5E46}.Debug|x86.ActiveCfg = Debug|Any CPU
		{5302DE61-73C7-4C1F-B006-5D6B090D5E46}.Debug|x86.Build.0 = Debug|Any CPU
		{5302DE61-73C7-4C1F-B006-5D6B090D5E46}.Release|Any CPU.ActiveCfg = Release|Any CPU
		{5302DE61-73C7-4C1F-B006-5D6B090D5E46}.Release|Any CPU.Build.0 = Release|Any CPU
		{5302DE61-73C7-4C1F-B006-5D6B090D5E46}.Release|x64.ActiveCfg = Release|Any CPU
		{5302DE61-73C7-4C1F-B006-5D6B090D5E46}.Release|x64.Build.0 = Release|Any CPU
		{5302DE61-73C7-4C1F-B006-5D6B090D5E46}.Release|x86.ActiveCfg = Release|Any CPU
		{5302DE61-73C7-4C1F-B006-5D6B090D5E46}.Release|x86.Build.0 = Release|Any CPU
		{E0F85F0E-A2AF-4811-B326-D3F2808BC5BE}.Debug|Any CPU.ActiveCfg = Debug|Any CPU
		{E0F85F0E-A2AF-4811-B326-D3F2808BC5BE}.Debug|Any CPU.Build.0 = Debug|Any CPU
		{E0F85F0E-A2AF-4811-B326-D3F2808BC5BE}.Debug|x64.ActiveCfg = Debug|Any CPU
		{E0F85F0E-A2AF-4811-B326-D3F2808BC5BE}.Debug|x64.Build.0 = Debug|Any CPU
		{E0F85F0E-A2AF-4811-B326-D3F2808BC5BE}.Debug|x86.ActiveCfg = Debug|Any CPU
		{E0F85F0E-A2AF-4811-B326-D3F2808BC5BE}.Debug|x86.Build.0 = Debug|Any CPU
		{E0F85F0E-A2AF-4811-B326-D3F2808BC5BE}.Release|Any CPU.ActiveCfg = Release|Any CPU
		{E0F85F0E-A2AF-4811-B326-D3F2808BC5BE}.Release|Any CPU.Build.0 = Release|Any CPU
		{E0F85F0E-A2AF-4811-B326-D3F2808BC5BE}.Release|x64.ActiveCfg = Release|Any CPU
		{E0F85F0E-A2AF-4811-B326-D3F2808BC5BE}.Release|x64.Build.0 = Release|Any CPU
		{E0F85F0E-A2AF-4811-B326-D3F2808BC5BE}.Release|x86.ActiveCfg = Release|Any CPU
		{E0F85F0E-A2AF-4811-B326-D3F2808BC5BE}.Release|x86.Build.0 = Release|Any CPU
		{8E5D6793-3470-4CF1-8BE7-C6260ABFE27D}.Debug|Any CPU.ActiveCfg = Debug|Any CPU
		{8E5D6793-3470-4CF1-8BE7-C6260ABFE27D}.Debug|Any CPU.Build.0 = Debug|Any CPU
		{8E5D6793-3470-4CF1-8BE7-C6260ABFE27D}.Debug|x64.ActiveCfg = Debug|Any CPU
		{8E5D6793-3470-4CF1-8BE7-C6260ABFE27D}.Debug|x64.Build.0 = Debug|Any CPU
		{8E5D6793-3470-4CF1-8BE7-C6260ABFE27D}.Debug|x86.ActiveCfg = Debug|Any CPU
		{8E5D6793-3470-4CF1-8BE7-C6260ABFE27D}.Debug|x86.Build.0 = Debug|Any CPU
		{8E5D6793-3470-4CF1-8BE7-C6260ABFE27D}.Release|Any CPU.ActiveCfg = Release|Any CPU
		{8E5D6793-3470-4CF1-8BE7-C6260ABFE27D}.Release|Any CPU.Build.0 = Release|Any CPU
		{8E5D6793-3470-4CF1-8BE7-C6260ABFE27D}.Release|x64.ActiveCfg = Release|Any CPU
		{8E5D6793-3470-4CF1-8BE7-C6260ABFE27D}.Release|x64.Build.0 = Release|Any CPU
		{8E5D6793-3470-4CF1-8BE7-C6260ABFE27D}.Release|x86.ActiveCfg = Release|Any CPU
		{8E5D6793-3470-4CF1-8BE7-C6260ABFE27D}.Release|x86.Build.0 = Release|Any CPU
		{250BAA7A-3267-49EC-84A5-96CBB1377298}.Debug|Any CPU.ActiveCfg = Debug|Any CPU
		{250BAA7A-3267-49EC-84A5-96CBB1377298}.Debug|Any CPU.Build.0 = Debug|Any CPU
		{250BAA7A-3267-49EC-84A5-96CBB1377298}.Debug|x64.ActiveCfg = Debug|Any CPU
		{250BAA7A-3267-49EC-84A5-96CBB1377298}.Debug|x64.Build.0 = Debug|Any CPU
		{250BAA7A-3267-49EC-84A5-96CBB1377298}.Debug|x86.ActiveCfg = Debug|Any CPU
		{250BAA7A-3267-49EC-84A5-96CBB1377298}.Debug|x86.Build.0 = Debug|Any CPU
		{250BAA7A-3267-49EC-84A5-96CBB1377298}.Release|Any CPU.ActiveCfg = Release|Any CPU
		{250BAA7A-3267-49EC-84A5-96CBB1377298}.Release|Any CPU.Build.0 = Release|Any CPU
		{250BAA7A-3267-49EC-84A5-96CBB1377298}.Release|x64.ActiveCfg = Release|Any CPU
		{250BAA7A-3267-49EC-84A5-96CBB1377298}.Release|x64.Build.0 = Release|Any CPU
		{250BAA7A-3267-49EC-84A5-96CBB1377298}.Release|x86.ActiveCfg = Release|Any CPU
		{250BAA7A-3267-49EC-84A5-96CBB1377298}.Release|x86.Build.0 = Release|Any CPU
		{FCCDBBC9-04AB-4DD1-A3C4-505F25817F16}.Debug|Any CPU.ActiveCfg = Debug|Any CPU
		{FCCDBBC9-04AB-4DD1-A3C4-505F25817F16}.Debug|Any CPU.Build.0 = Debug|Any CPU
		{FCCDBBC9-04AB-4DD1-A3C4-505F25817F16}.Debug|x64.ActiveCfg = Debug|Any CPU
		{FCCDBBC9-04AB-4DD1-A3C4-505F25817F16}.Debug|x64.Build.0 = Debug|Any CPU
		{FCCDBBC9-04AB-4DD1-A3C4-505F25817F16}.Debug|x86.ActiveCfg = Debug|Any CPU
		{FCCDBBC9-04AB-4DD1-A3C4-505F25817F16}.Debug|x86.Build.0 = Debug|Any CPU
		{FCCDBBC9-04AB-4DD1-A3C4-505F25817F16}.Release|Any CPU.ActiveCfg = Release|Any CPU
		{FCCDBBC9-04AB-4DD1-A3C4-505F25817F16}.Release|Any CPU.Build.0 = Release|Any CPU
		{FCCDBBC9-04AB-4DD1-A3C4-505F25817F16}.Release|x64.ActiveCfg = Release|Any CPU
		{FCCDBBC9-04AB-4DD1-A3C4-505F25817F16}.Release|x64.Build.0 = Release|Any CPU
		{FCCDBBC9-04AB-4DD1-A3C4-505F25817F16}.Release|x86.ActiveCfg = Release|Any CPU
		{FCCDBBC9-04AB-4DD1-A3C4-505F25817F16}.Release|x86.Build.0 = Release|Any CPU
		{19869A7B-9DB2-4A17-9798-E8ABF7523DF1}.Debug|Any CPU.ActiveCfg = Debug|Any CPU
		{19869A7B-9DB2-4A17-9798-E8ABF7523DF1}.Debug|Any CPU.Build.0 = Debug|Any CPU
		{19869A7B-9DB2-4A17-9798-E8ABF7523DF1}.Debug|x64.ActiveCfg = Debug|Any CPU
		{19869A7B-9DB2-4A17-9798-E8ABF7523DF1}.Debug|x64.Build.0 = Debug|Any CPU
		{19869A7B-9DB2-4A17-9798-E8ABF7523DF1}.Debug|x86.ActiveCfg = Debug|Any CPU
		{19869A7B-9DB2-4A17-9798-E8ABF7523DF1}.Debug|x86.Build.0 = Debug|Any CPU
		{19869A7B-9DB2-4A17-9798-E8ABF7523DF1}.Release|Any CPU.ActiveCfg = Release|Any CPU
		{19869A7B-9DB2-4A17-9798-E8ABF7523DF1}.Release|Any CPU.Build.0 = Release|Any CPU
		{19869A7B-9DB2-4A17-9798-E8ABF7523DF1}.Release|x64.ActiveCfg = Release|Any CPU
		{19869A7B-9DB2-4A17-9798-E8ABF7523DF1}.Release|x64.Build.0 = Release|Any CPU
		{19869A7B-9DB2-4A17-9798-E8ABF7523DF1}.Release|x86.ActiveCfg = Release|Any CPU
		{19869A7B-9DB2-4A17-9798-E8ABF7523DF1}.Release|x86.Build.0 = Release|Any CPU
		{48D9168D-CD09-478A-A97C-13A0D12225AE}.Debug|Any CPU.ActiveCfg = Debug|Any CPU
		{48D9168D-CD09-478A-A97C-13A0D12225AE}.Debug|Any CPU.Build.0 = Debug|Any CPU
		{48D9168D-CD09-478A-A97C-13A0D12225AE}.Debug|x64.ActiveCfg = Debug|Any CPU
		{48D9168D-CD09-478A-A97C-13A0D12225AE}.Debug|x64.Build.0 = Debug|Any CPU
		{48D9168D-CD09-478A-A97C-13A0D12225AE}.Debug|x86.ActiveCfg = Debug|Any CPU
		{48D9168D-CD09-478A-A97C-13A0D12225AE}.Debug|x86.Build.0 = Debug|Any CPU
		{48D9168D-CD09-478A-A97C-13A0D12225AE}.Release|Any CPU.ActiveCfg = Release|Any CPU
		{48D9168D-CD09-478A-A97C-13A0D12225AE}.Release|Any CPU.Build.0 = Release|Any CPU
		{48D9168D-CD09-478A-A97C-13A0D12225AE}.Release|x64.ActiveCfg = Release|Any CPU
		{48D9168D-CD09-478A-A97C-13A0D12225AE}.Release|x64.Build.0 = Release|Any CPU
		{48D9168D-CD09-478A-A97C-13A0D12225AE}.Release|x86.ActiveCfg = Release|Any CPU
		{48D9168D-CD09-478A-A97C-13A0D12225AE}.Release|x86.Build.0 = Release|Any CPU
		{7BD3060A-3AD0-4101-B08C-D4D6588FC694}.Debug|Any CPU.ActiveCfg = Debug|Any CPU
		{7BD3060A-3AD0-4101-B08C-D4D6588FC694}.Debug|Any CPU.Build.0 = Debug|Any CPU
		{7BD3060A-3AD0-4101-B08C-D4D6588FC694}.Debug|x64.ActiveCfg = Debug|Any CPU
		{7BD3060A-3AD0-4101-B08C-D4D6588FC694}.Debug|x64.Build.0 = Debug|Any CPU
		{7BD3060A-3AD0-4101-B08C-D4D6588FC694}.Debug|x86.ActiveCfg = Debug|Any CPU
		{7BD3060A-3AD0-4101-B08C-D4D6588FC694}.Debug|x86.Build.0 = Debug|Any CPU
		{7BD3060A-3AD0-4101-B08C-D4D6588FC694}.Release|Any CPU.ActiveCfg = Release|Any CPU
		{7BD3060A-3AD0-4101-B08C-D4D6588FC694}.Release|Any CPU.Build.0 = Release|Any CPU
		{7BD3060A-3AD0-4101-B08C-D4D6588FC694}.Release|x64.ActiveCfg = Release|Any CPU
		{7BD3060A-3AD0-4101-B08C-D4D6588FC694}.Release|x64.Build.0 = Release|Any CPU
		{7BD3060A-3AD0-4101-B08C-D4D6588FC694}.Release|x86.ActiveCfg = Release|Any CPU
		{7BD3060A-3AD0-4101-B08C-D4D6588FC694}.Release|x86.Build.0 = Release|Any CPU
		{B03CF79F-F01B-40FF-95DE-7DBE7047C3BE}.Debug|Any CPU.ActiveCfg = Debug|Any CPU
		{B03CF79F-F01B-40FF-95DE-7DBE7047C3BE}.Debug|Any CPU.Build.0 = Debug|Any CPU
		{B03CF79F-F01B-40FF-95DE-7DBE7047C3BE}.Debug|x64.ActiveCfg = Debug|Any CPU
		{B03CF79F-F01B-40FF-95DE-7DBE7047C3BE}.Debug|x64.Build.0 = Debug|Any CPU
		{B03CF79F-F01B-40FF-95DE-7DBE7047C3BE}.Debug|x86.ActiveCfg = Debug|Any CPU
		{B03CF79F-F01B-40FF-95DE-7DBE7047C3BE}.Debug|x86.Build.0 = Debug|Any CPU
		{B03CF79F-F01B-40FF-95DE-7DBE7047C3BE}.Release|Any CPU.ActiveCfg = Release|Any CPU
		{B03CF79F-F01B-40FF-95DE-7DBE7047C3BE}.Release|Any CPU.Build.0 = Release|Any CPU
		{B03CF79F-F01B-40FF-95DE-7DBE7047C3BE}.Release|x64.ActiveCfg = Release|Any CPU
		{B03CF79F-F01B-40FF-95DE-7DBE7047C3BE}.Release|x64.Build.0 = Release|Any CPU
		{B03CF79F-F01B-40FF-95DE-7DBE7047C3BE}.Release|x86.ActiveCfg = Release|Any CPU
		{B03CF79F-F01B-40FF-95DE-7DBE7047C3BE}.Release|x86.Build.0 = Release|Any CPU
		{1A321F02-8553-4E3A-AC0A-0168450F73AB}.Debug|Any CPU.ActiveCfg = Debug|Any CPU
		{1A321F02-8553-4E3A-AC0A-0168450F73AB}.Debug|Any CPU.Build.0 = Debug|Any CPU
		{1A321F02-8553-4E3A-AC0A-0168450F73AB}.Debug|x64.ActiveCfg = Debug|Any CPU
		{1A321F02-8553-4E3A-AC0A-0168450F73AB}.Debug|x64.Build.0 = Debug|Any CPU
		{1A321F02-8553-4E3A-AC0A-0168450F73AB}.Debug|x86.ActiveCfg = Debug|Any CPU
		{1A321F02-8553-4E3A-AC0A-0168450F73AB}.Debug|x86.Build.0 = Debug|Any CPU
		{1A321F02-8553-4E3A-AC0A-0168450F73AB}.Release|Any CPU.ActiveCfg = Release|Any CPU
		{1A321F02-8553-4E3A-AC0A-0168450F73AB}.Release|Any CPU.Build.0 = Release|Any CPU
		{1A321F02-8553-4E3A-AC0A-0168450F73AB}.Release|x64.ActiveCfg = Release|Any CPU
		{1A321F02-8553-4E3A-AC0A-0168450F73AB}.Release|x64.Build.0 = Release|Any CPU
		{1A321F02-8553-4E3A-AC0A-0168450F73AB}.Release|x86.ActiveCfg = Release|Any CPU
		{1A321F02-8553-4E3A-AC0A-0168450F73AB}.Release|x86.Build.0 = Release|Any CPU
		{0ABF017C-4947-429E-B2F0-AA2AA35B871F}.Debug|Any CPU.ActiveCfg = Debug|Any CPU
		{0ABF017C-4947-429E-B2F0-AA2AA35B871F}.Debug|Any CPU.Build.0 = Debug|Any CPU
		{0ABF017C-4947-429E-B2F0-AA2AA35B871F}.Debug|x64.ActiveCfg = Debug|Any CPU
		{0ABF017C-4947-429E-B2F0-AA2AA35B871F}.Debug|x64.Build.0 = Debug|Any CPU
		{0ABF017C-4947-429E-B2F0-AA2AA35B871F}.Debug|x86.ActiveCfg = Debug|Any CPU
		{0ABF017C-4947-429E-B2F0-AA2AA35B871F}.Debug|x86.Build.0 = Debug|Any CPU
		{0ABF017C-4947-429E-B2F0-AA2AA35B871F}.Release|Any CPU.ActiveCfg = Release|Any CPU
		{0ABF017C-4947-429E-B2F0-AA2AA35B871F}.Release|Any CPU.Build.0 = Release|Any CPU
		{0ABF017C-4947-429E-B2F0-AA2AA35B871F}.Release|x64.ActiveCfg = Release|Any CPU
		{0ABF017C-4947-429E-B2F0-AA2AA35B871F}.Release|x64.Build.0 = Release|Any CPU
		{0ABF017C-4947-429E-B2F0-AA2AA35B871F}.Release|x86.ActiveCfg = Release|Any CPU
		{0ABF017C-4947-429E-B2F0-AA2AA35B871F}.Release|x86.Build.0 = Release|Any CPU
		{6DF65176-C67C-4D8A-B3CE-4CAE846DDEFF}.Debug|Any CPU.ActiveCfg = Debug|Any CPU
		{6DF65176-C67C-4D8A-B3CE-4CAE846DDEFF}.Debug|Any CPU.Build.0 = Debug|Any CPU
		{6DF65176-C67C-4D8A-B3CE-4CAE846DDEFF}.Debug|x64.ActiveCfg = Debug|Any CPU
		{6DF65176-C67C-4D8A-B3CE-4CAE846DDEFF}.Debug|x64.Build.0 = Debug|Any CPU
		{6DF65176-C67C-4D8A-B3CE-4CAE846DDEFF}.Debug|x86.ActiveCfg = Debug|Any CPU
		{6DF65176-C67C-4D8A-B3CE-4CAE846DDEFF}.Debug|x86.Build.0 = Debug|Any CPU
		{6DF65176-C67C-4D8A-B3CE-4CAE846DDEFF}.Release|Any CPU.ActiveCfg = Release|Any CPU
		{6DF65176-C67C-4D8A-B3CE-4CAE846DDEFF}.Release|Any CPU.Build.0 = Release|Any CPU
		{6DF65176-C67C-4D8A-B3CE-4CAE846DDEFF}.Release|x64.ActiveCfg = Release|Any CPU
		{6DF65176-C67C-4D8A-B3CE-4CAE846DDEFF}.Release|x64.Build.0 = Release|Any CPU
		{6DF65176-C67C-4D8A-B3CE-4CAE846DDEFF}.Release|x86.ActiveCfg = Release|Any CPU
		{6DF65176-C67C-4D8A-B3CE-4CAE846DDEFF}.Release|x86.Build.0 = Release|Any CPU
		{9EDFA4E5-3156-44F3-A726-E752DFE51BAA}.Debug|Any CPU.ActiveCfg = Debug|Any CPU
		{9EDFA4E5-3156-44F3-A726-E752DFE51BAA}.Debug|Any CPU.Build.0 = Debug|Any CPU
		{9EDFA4E5-3156-44F3-A726-E752DFE51BAA}.Debug|x64.ActiveCfg = Debug|Any CPU
		{9EDFA4E5-3156-44F3-A726-E752DFE51BAA}.Debug|x64.Build.0 = Debug|Any CPU
		{9EDFA4E5-3156-44F3-A726-E752DFE51BAA}.Debug|x86.ActiveCfg = Debug|Any CPU
		{9EDFA4E5-3156-44F3-A726-E752DFE51BAA}.Debug|x86.Build.0 = Debug|Any CPU
		{9EDFA4E5-3156-44F3-A726-E752DFE51BAA}.Release|Any CPU.ActiveCfg = Release|Any CPU
		{9EDFA4E5-3156-44F3-A726-E752DFE51BAA}.Release|Any CPU.Build.0 = Release|Any CPU
		{9EDFA4E5-3156-44F3-A726-E752DFE51BAA}.Release|x64.ActiveCfg = Release|Any CPU
		{9EDFA4E5-3156-44F3-A726-E752DFE51BAA}.Release|x64.Build.0 = Release|Any CPU
		{9EDFA4E5-3156-44F3-A726-E752DFE51BAA}.Release|x86.ActiveCfg = Release|Any CPU
		{9EDFA4E5-3156-44F3-A726-E752DFE51BAA}.Release|x86.Build.0 = Release|Any CPU
		{49F9D873-0C24-41FB-9B88-2C82E6AA82D3}.Debug|Any CPU.ActiveCfg = Debug|Any CPU
		{49F9D873-0C24-41FB-9B88-2C82E6AA82D3}.Debug|Any CPU.Build.0 = Debug|Any CPU
		{49F9D873-0C24-41FB-9B88-2C82E6AA82D3}.Debug|x64.ActiveCfg = Debug|Any CPU
		{49F9D873-0C24-41FB-9B88-2C82E6AA82D3}.Debug|x64.Build.0 = Debug|Any CPU
		{49F9D873-0C24-41FB-9B88-2C82E6AA82D3}.Debug|x86.ActiveCfg = Debug|Any CPU
		{49F9D873-0C24-41FB-9B88-2C82E6AA82D3}.Debug|x86.Build.0 = Debug|Any CPU
		{49F9D873-0C24-41FB-9B88-2C82E6AA82D3}.Release|Any CPU.ActiveCfg = Release|Any CPU
		{49F9D873-0C24-41FB-9B88-2C82E6AA82D3}.Release|Any CPU.Build.0 = Release|Any CPU
		{49F9D873-0C24-41FB-9B88-2C82E6AA82D3}.Release|x64.ActiveCfg = Release|Any CPU
		{49F9D873-0C24-41FB-9B88-2C82E6AA82D3}.Release|x64.Build.0 = Release|Any CPU
		{49F9D873-0C24-41FB-9B88-2C82E6AA82D3}.Release|x86.ActiveCfg = Release|Any CPU
		{49F9D873-0C24-41FB-9B88-2C82E6AA82D3}.Release|x86.Build.0 = Release|Any CPU
		{C4F59B45-418A-41D4-B5CC-683B398BA4D8}.Debug|Any CPU.ActiveCfg = Debug|Any CPU
		{C4F59B45-418A-41D4-B5CC-683B398BA4D8}.Debug|Any CPU.Build.0 = Debug|Any CPU
		{C4F59B45-418A-41D4-B5CC-683B398BA4D8}.Debug|x64.ActiveCfg = Debug|Any CPU
		{C4F59B45-418A-41D4-B5CC-683B398BA4D8}.Debug|x64.Build.0 = Debug|Any CPU
		{C4F59B45-418A-41D4-B5CC-683B398BA4D8}.Debug|x86.ActiveCfg = Debug|Any CPU
		{C4F59B45-418A-41D4-B5CC-683B398BA4D8}.Debug|x86.Build.0 = Debug|Any CPU
		{C4F59B45-418A-41D4-B5CC-683B398BA4D8}.Release|Any CPU.ActiveCfg = Release|Any CPU
		{C4F59B45-418A-41D4-B5CC-683B398BA4D8}.Release|Any CPU.Build.0 = Release|Any CPU
		{C4F59B45-418A-41D4-B5CC-683B398BA4D8}.Release|x64.ActiveCfg = Release|Any CPU
		{C4F59B45-418A-41D4-B5CC-683B398BA4D8}.Release|x64.Build.0 = Release|Any CPU
		{C4F59B45-418A-41D4-B5CC-683B398BA4D8}.Release|x86.ActiveCfg = Release|Any CPU
		{C4F59B45-418A-41D4-B5CC-683B398BA4D8}.Release|x86.Build.0 = Release|Any CPU
		{9D8AE7F5-3A79-4078-8915-A7A493A0D146}.Debug|Any CPU.ActiveCfg = Debug|Any CPU
		{9D8AE7F5-3A79-4078-8915-A7A493A0D146}.Debug|Any CPU.Build.0 = Debug|Any CPU
		{9D8AE7F5-3A79-4078-8915-A7A493A0D146}.Debug|x64.ActiveCfg = Debug|Any CPU
		{9D8AE7F5-3A79-4078-8915-A7A493A0D146}.Debug|x64.Build.0 = Debug|Any CPU
		{9D8AE7F5-3A79-4078-8915-A7A493A0D146}.Debug|x86.ActiveCfg = Debug|Any CPU
		{9D8AE7F5-3A79-4078-8915-A7A493A0D146}.Debug|x86.Build.0 = Debug|Any CPU
		{9D8AE7F5-3A79-4078-8915-A7A493A0D146}.Release|Any CPU.ActiveCfg = Release|Any CPU
		{9D8AE7F5-3A79-4078-8915-A7A493A0D146}.Release|Any CPU.Build.0 = Release|Any CPU
		{9D8AE7F5-3A79-4078-8915-A7A493A0D146}.Release|x64.ActiveCfg = Release|Any CPU
		{9D8AE7F5-3A79-4078-8915-A7A493A0D146}.Release|x64.Build.0 = Release|Any CPU
		{9D8AE7F5-3A79-4078-8915-A7A493A0D146}.Release|x86.ActiveCfg = Release|Any CPU
		{9D8AE7F5-3A79-4078-8915-A7A493A0D146}.Release|x86.Build.0 = Release|Any CPU
		{70505AA0-D572-4FCE-A758-C7CF009BDE4B}.Debug|Any CPU.ActiveCfg = Debug|Any CPU
		{70505AA0-D572-4FCE-A758-C7CF009BDE4B}.Debug|Any CPU.Build.0 = Debug|Any CPU
		{70505AA0-D572-4FCE-A758-C7CF009BDE4B}.Debug|x64.ActiveCfg = Debug|Any CPU
		{70505AA0-D572-4FCE-A758-C7CF009BDE4B}.Debug|x64.Build.0 = Debug|Any CPU
		{70505AA0-D572-4FCE-A758-C7CF009BDE4B}.Debug|x86.ActiveCfg = Debug|Any CPU
		{70505AA0-D572-4FCE-A758-C7CF009BDE4B}.Debug|x86.Build.0 = Debug|Any CPU
		{70505AA0-D572-4FCE-A758-C7CF009BDE4B}.Release|Any CPU.ActiveCfg = Release|Any CPU
		{70505AA0-D572-4FCE-A758-C7CF009BDE4B}.Release|Any CPU.Build.0 = Release|Any CPU
		{70505AA0-D572-4FCE-A758-C7CF009BDE4B}.Release|x64.ActiveCfg = Release|Any CPU
		{70505AA0-D572-4FCE-A758-C7CF009BDE4B}.Release|x64.Build.0 = Release|Any CPU
		{70505AA0-D572-4FCE-A758-C7CF009BDE4B}.Release|x86.ActiveCfg = Release|Any CPU
		{70505AA0-D572-4FCE-A758-C7CF009BDE4B}.Release|x86.Build.0 = Release|Any CPU
		{68EB30FB-0B06-4693-BA51-D8C1F861323D}.Debug|Any CPU.ActiveCfg = Debug|Any CPU
		{68EB30FB-0B06-4693-BA51-D8C1F861323D}.Debug|Any CPU.Build.0 = Debug|Any CPU
		{68EB30FB-0B06-4693-BA51-D8C1F861323D}.Debug|x64.ActiveCfg = Debug|Any CPU
		{68EB30FB-0B06-4693-BA51-D8C1F861323D}.Debug|x64.Build.0 = Debug|Any CPU
		{68EB30FB-0B06-4693-BA51-D8C1F861323D}.Debug|x86.ActiveCfg = Debug|Any CPU
		{68EB30FB-0B06-4693-BA51-D8C1F861323D}.Debug|x86.Build.0 = Debug|Any CPU
		{68EB30FB-0B06-4693-BA51-D8C1F861323D}.Release|Any CPU.ActiveCfg = Release|Any CPU
		{68EB30FB-0B06-4693-BA51-D8C1F861323D}.Release|Any CPU.Build.0 = Release|Any CPU
		{68EB30FB-0B06-4693-BA51-D8C1F861323D}.Release|x64.ActiveCfg = Release|Any CPU
		{68EB30FB-0B06-4693-BA51-D8C1F861323D}.Release|x64.Build.0 = Release|Any CPU
		{68EB30FB-0B06-4693-BA51-D8C1F861323D}.Release|x86.ActiveCfg = Release|Any CPU
		{68EB30FB-0B06-4693-BA51-D8C1F861323D}.Release|x86.Build.0 = Release|Any CPU
	EndGlobalSection
	GlobalSection(SolutionProperties) = preSolution
		HideSolutionNode = FALSE
	EndGlobalSection
	GlobalSection(NestedProjects) = preSolution
		{D9630D4F-34FE-18EB-9EA6-10233B8F9402} = {0BADF6E0-0417-03FB-EBEC-2B61D4053222}
		{6F8A6558-F522-F000-7689-8F59E486DB2E} = {D9630D4F-34FE-18EB-9EA6-10233B8F9402}
		{CE01B7DE-FCA2-94F7-9654-EB9FB9AB5A6E} = {D9630D4F-34FE-18EB-9EA6-10233B8F9402}
		{B7003042-CD9D-ED0C-D439-5E38897ABDF9} = {D9630D4F-34FE-18EB-9EA6-10233B8F9402}
		{E8EA2FBA-E613-8D0B-BAEA-99ECEA119737} = {D9630D4F-34FE-18EB-9EA6-10233B8F9402}
		{6EEE77EA-B67D-B7B6-CD4A-496A89DF71B2} = {D9630D4F-34FE-18EB-9EA6-10233B8F9402}
		{BE375966-B930-D4F8-C1B5-5EBCC73B696B} = {D9630D4F-34FE-18EB-9EA6-10233B8F9402}
		{55E0F9E6-A4F7-5284-2FFA-C7D83282290D} = {D9630D4F-34FE-18EB-9EA6-10233B8F9402}
		{637BC86F-F9B7-3A01-35B5-6CC546CF6D7D} = {D9630D4F-34FE-18EB-9EA6-10233B8F9402}
		{F4BA1443-3018-3CDF-68E7-8E79BF0689CA} = {BFC11E1C-20B1-D11C-26CE-963F140147E5}
		{F32E9E2A-B59D-4CE4-8F1D-41BD95E7EAD5} = {F4BA1443-3018-3CDF-68E7-8E79BF0689CA}
		{D0B8CDE9-75BF-2F49-E85E-D0D94C0B82D6} = {BFC11E1C-20B1-D11C-26CE-963F140147E5}
		{850B27BD-5D80-FFA4-6F6C-C7102A58122B} = {D9630D4F-34FE-18EB-9EA6-10233B8F9402}
		{5302DE61-73C7-4C1F-B006-5D6B090D5E46} = {BE375966-B930-D4F8-C1B5-5EBCC73B696B}
		{E0F85F0E-A2AF-4811-B326-D3F2808BC5BE} = {E8EA2FBA-E613-8D0B-BAEA-99ECEA119737}
		{8E5D6793-3470-4CF1-8BE7-C6260ABFE27D} = {B7003042-CD9D-ED0C-D439-5E38897ABDF9}
		{250BAA7A-3267-49EC-84A5-96CBB1377298} = {B7003042-CD9D-ED0C-D439-5E38897ABDF9}
		{FCCDBBC9-04AB-4DD1-A3C4-505F25817F16} = {850B27BD-5D80-FFA4-6F6C-C7102A58122B}
		{19869A7B-9DB2-4A17-9798-E8ABF7523DF1} = {6EEE77EA-B67D-B7B6-CD4A-496A89DF71B2}
		{48D9168D-CD09-478A-A97C-13A0D12225AE} = {6EEE77EA-B67D-B7B6-CD4A-496A89DF71B2}
		{7BD3060A-3AD0-4101-B08C-D4D6588FC694} = {6EEE77EA-B67D-B7B6-CD4A-496A89DF71B2}
		{B03CF79F-F01B-40FF-95DE-7DBE7047C3BE} = {6EEE77EA-B67D-B7B6-CD4A-496A89DF71B2}
		{1A321F02-8553-4E3A-AC0A-0168450F73AB} = {637BC86F-F9B7-3A01-35B5-6CC546CF6D7D}
		{0ABF017C-4947-429E-B2F0-AA2AA35B871F} = {6F8A6558-F522-F000-7689-8F59E486DB2E}
		{6DF65176-C67C-4D8A-B3CE-4CAE846DDEFF} = {CE01B7DE-FCA2-94F7-9654-EB9FB9AB5A6E}
		{9EDFA4E5-3156-44F3-A726-E752DFE51BAA} = {CE01B7DE-FCA2-94F7-9654-EB9FB9AB5A6E}
		{49F9D873-0C24-41FB-9B88-2C82E6AA82D3} = {D0B8CDE9-75BF-2F49-E85E-D0D94C0B82D6}
		{261DEACB-3D49-EE43-5353-29D2B4009621} = {BFC11E1C-20B1-D11C-26CE-963F140147E5}
		{C4F59B45-418A-41D4-B5CC-683B398BA4D8} = {261DEACB-3D49-EE43-5353-29D2B4009621}
		{17121FAB-60CC-3204-1E00-5AA6C40C4D66} = {BFC11E1C-20B1-D11C-26CE-963F140147E5}
		{9D8AE7F5-3A79-4078-8915-A7A493A0D146} = {17121FAB-60CC-3204-1E00-5AA6C40C4D66}
		{1CCC1ED5-B36D-5399-10A7-75716E3E18E7} = {BFC11E1C-20B1-D11C-26CE-963F140147E5}
		{70505AA0-D572-4FCE-A758-C7CF009BDE4B} = {1CCC1ED5-B36D-5399-10A7-75716E3E18E7}
		{68EB30FB-0B06-4693-BA51-D8C1F861323D} = {1CCC1ED5-B36D-5399-10A7-75716E3E18E7}
	EndGlobalSection
	GlobalSection(ExtensibilityGlobals) = postSolution
		SolutionGuid = {3C3BF20A-D497-4AEA-8600-5B2B4F6069FC}
	EndGlobalSection
EndGlobal
