
Microsoft Visual Studio Solution File, Format Version 12.00
# Visual Studio Version 17
VisualStudioVersion = 17.5.2.0
MinimumVisualStudioVersion = 10.0.40219.1
Project("{2150E333-8FDC-42A3-9474-1A3956D46DE8}") = "Coach", "Coach", "{0BADF6E0-0417-03FB-EBEC-2B61D4053222}"
EndProject
Project("{2150E333-8FDC-42A3-9474-1A3956D46DE8}") = "Solutions", "Solutions", "{D9630D4F-34FE-18EB-9EA6-10233B8F9402}"
EndProject
Project("{2150E333-8FDC-42A3-9474-1A3956D46DE8}") = "Challenge-02", "Challenge-02", "{6F8A6558-F522-F000-7689-8F59E486DB2E}"
EndProject
Project("{FAE04EC0-301F-11D3-BF4B-00C04F79EFBC}") = "WeatherMcpServer", "Challenge-02\WeatherMcpServer\WeatherMcpServer.csproj", "{E486766B-D0B6-7797-A4DD-4E4D4D0257F9}"
EndProject
Project("{2150E333-8FDC-42A3-9474-1A3956D46DE8}") = "Challenge-03", "Challenge-03", "{CE01B7DE-FCA2-94F7-9654-EB9FB9AB5A6E}"
EndProject
Project("{FAE04EC0-301F-11D3-BF4B-00C04F79EFBC}") = "WeatherMcpClient", "Challenge-03\WeatherMcpClient\WeatherMcpClient.csproj", "{96B5C9AB-E6EF-9734-58C1-F1CBD9F1B91E}"
EndProject
Project("{2150E333-8FDC-42A3-9474-1A3956D46DE8}") = "Challenge-06", "Challenge-06", "{B7003042-CD9D-ED0C-D439-5E38897ABDF9}"
EndProject
Project("{FAE04EC0-301F-11D3-BF4B-00C04F79EFBC}") = "SecureWeatherMcpClient", "Challenge-06\SecureWeatherMcpClient\SecureWeatherMcpClient.csproj", "{7F558FA8-06D2-49F6-827A-0987500E44EF}"
EndProject
Project("{FAE04EC0-301F-11D3-BF4B-00C04F79EFBC}") = "SecureWeatherMcpServer", "Challenge-06\SecureWeatherMcpServer\SecureWeatherMcpServer.csproj", "{175EFD59-4869-4DF3-B9EC-63A478160930}"
EndProject
Project("{2150E333-8FDC-42A3-9474-1A3956D46DE8}") = "Challenge-05", "Challenge-05", "{E8EA2FBA-E613-8D0B-BAEA-99ECEA119737}"
EndProject
Project("{FAE04EC0-301F-11D3-BF4B-00C04F79EFBC}") = "WeatherRemoteMcpServer", "Challenge-05\WeatherRemoteMcpServer\WeatherRemoteMcpServer.csproj", "{D3294501-3D9B-45BC-A698-A366C36B67EC}"
EndProject
Global
	GlobalSection(SolutionConfigurationPlatforms) = preSolution
		Debug|Any CPU = Debug|Any CPU
		Debug|x64 = Debug|x64
		Debug|x86 = Debug|x86
		Release|Any CPU = Release|Any CPU
		Release|x64 = Release|x64
		Release|x86 = Release|x86
	EndGlobalSection
	GlobalSection(ProjectConfigurationPlatforms) = postSolution
		{E486766B-D0B6-7797-A4DD-4E4D4D0257F9}.Debug|Any CPU.ActiveCfg = Debug|Any CPU
		{E486766B-D0B6-7797-A4DD-4E4D4D0257F9}.Debug|Any CPU.Build.0 = Debug|Any CPU
		{E486766B-D0B6-7797-A4DD-4E4D4D0257F9}.Debug|x64.ActiveCfg = Debug|Any CPU
		{E486766B-D0B6-7797-A4DD-4E4D4D0257F9}.Debug|x64.Build.0 = Debug|Any CPU
		{E486766B-D0B6-7797-A4DD-4E4D4D0257F9}.Debug|x86.ActiveCfg = Debug|Any CPU
		{E486766B-D0B6-7797-A4DD-4E4D4D0257F9}.Debug|x86.Build.0 = Debug|Any CPU
		{E486766B-D0B6-7797-A4DD-4E4D4D0257F9}.Release|Any CPU.ActiveCfg = Release|Any CPU
		{E486766B-D0B6-7797-A4DD-4E4D4D0257F9}.Release|Any CPU.Build.0 = Release|Any CPU
		{E486766B-D0B6-7797-A4DD-4E4D4D0257F9}.Release|x64.ActiveCfg = Release|Any CPU
		{E486766B-D0B6-7797-A4DD-4E4D4D0257F9}.Release|x64.Build.0 = Release|Any CPU
		{E486766B-D0B6-7797-A4DD-4E4D4D0257F9}.Release|x86.ActiveCfg = Release|Any CPU
		{E486766B-D0B6-7797-A4DD-4E4D4D0257F9}.Release|x86.Build.0 = Release|Any CPU
		{96B5C9AB-E6EF-9734-58C1-F1CBD9F1B91E}.Debug|Any CPU.ActiveCfg = Debug|Any CPU
		{96B5C9AB-E6EF-9734-58C1-F1CBD9F1B91E}.Debug|Any CPU.Build.0 = Debug|Any CPU
		{96B5C9AB-E6EF-9734-58C1-F1CBD9F1B91E}.Debug|x64.ActiveCfg = Debug|Any CPU
		{96B5C9AB-E6EF-9734-58C1-F1CBD9F1B91E}.Debug|x64.Build.0 = Debug|Any CPU
		{96B5C9AB-E6EF-9734-58C1-F1CBD9F1B91E}.Debug|x86.ActiveCfg = Debug|Any CPU
		{96B5C9AB-E6EF-9734-58C1-F1CBD9F1B91E}.Debug|x86.Build.0 = Debug|Any CPU
		{96B5C9AB-E6EF-9734-58C1-F1CBD9F1B91E}.Release|Any CPU.ActiveCfg = Release|Any CPU
		{96B5C9AB-E6EF-9734-58C1-F1CBD9F1B91E}.Release|Any CPU.Build.0 = Release|Any CPU
		{96B5C9AB-E6EF-9734-58C1-F1CBD9F1B91E}.Release|x64.ActiveCfg = Release|Any CPU
		{96B5C9AB-E6EF-9734-58C1-F1CBD9F1B91E}.Release|x64.Build.0 = Release|Any CPU
		{96B5C9AB-E6EF-9734-58C1-F1CBD9F1B91E}.Release|x86.ActiveCfg = Release|Any CPU
		{96B5C9AB-E6EF-9734-58C1-F1CBD9F1B91E}.Release|x86.Build.0 = Release|Any CPU
		{7F558FA8-06D2-49F6-827A-0987500E44EF}.Debug|Any CPU.ActiveCfg = Debug|Any CPU
		{7F558FA8-06D2-49F6-827A-0987500E44EF}.Debug|Any CPU.Build.0 = Debug|Any CPU
		{7F558FA8-06D2-49F6-827A-0987500E44EF}.Debug|x64.ActiveCfg = Debug|Any CPU
		{7F558FA8-06D2-49F6-827A-0987500E44EF}.Debug|x64.Build.0 = Debug|Any CPU
		{7F558FA8-06D2-49F6-827A-0987500E44EF}.Debug|x86.ActiveCfg = Debug|Any CPU
		{7F558FA8-06D2-49F6-827A-0987500E44EF}.Debug|x86.Build.0 = Debug|Any CPU
		{7F558FA8-06D2-49F6-827A-0987500E44EF}.Release|Any CPU.ActiveCfg = Release|Any CPU
		{7F558FA8-06D2-49F6-827A-0987500E44EF}.Release|Any CPU.Build.0 = Release|Any CPU
		{7F558FA8-06D2-49F6-827A-0987500E44EF}.Release|x64.ActiveCfg = Release|Any CPU
		{7F558FA8-06D2-49F6-827A-0987500E44EF}.Release|x64.Build.0 = Release|Any CPU
		{7F558FA8-06D2-49F6-827A-0987500E44EF}.Release|x86.ActiveCfg = Release|Any CPU
		{7F558FA8-06D2-49F6-827A-0987500E44EF}.Release|x86.Build.0 = Release|Any CPU
		{175EFD59-4869-4DF3-B9EC-63A478160930}.Debug|Any CPU.ActiveCfg = Debug|Any CPU
		{175EFD59-4869-4DF3-B9EC-63A478160930}.Debug|Any CPU.Build.0 = Debug|Any CPU
		{175EFD59-4869-4DF3-B9EC-63A478160930}.Debug|x64.ActiveCfg = Debug|Any CPU
		{175EFD59-4869-4DF3-B9EC-63A478160930}.Debug|x64.Build.0 = Debug|Any CPU
		{175EFD59-4869-4DF3-B9EC-63A478160930}.Debug|x86.ActiveCfg = Debug|Any CPU
		{175EFD59-4869-4DF3-B9EC-63A478160930}.Debug|x86.Build.0 = Debug|Any CPU
		{175EFD59-4869-4DF3-B9EC-63A478160930}.Release|Any CPU.ActiveCfg = Release|Any CPU
		{175EFD59-4869-4DF3-B9EC-63A478160930}.Release|Any CPU.Build.0 = Release|Any CPU
		{175EFD59-4869-4DF3-B9EC-63A478160930}.Release|x64.ActiveCfg = Release|Any CPU
		{175EFD59-4869-4DF3-B9EC-63A478160930}.Release|x64.Build.0 = Release|Any CPU
		{175EFD59-4869-4DF3-B9EC-63A478160930}.Release|x86.ActiveCfg = Release|Any CPU
		{175EFD59-4869-4DF3-B9EC-63A478160930}.Release|x86.Build.0 = Release|Any CPU
		{D3294501-3D9B-45BC-A698-A366C36B67EC}.Debug|Any CPU.ActiveCfg = Debug|Any CPU
		{D3294501-3D9B-45BC-A698-A366C36B67EC}.Debug|Any CPU.Build.0 = Debug|Any CPU
		{D3294501-3D9B-45BC-A698-A366C36B67EC}.Debug|x64.ActiveCfg = Debug|Any CPU
		{D3294501-3D9B-45BC-A698-A366C36B67EC}.Debug|x64.Build.0 = Debug|Any CPU
		{D3294501-3D9B-45BC-A698-A366C36B67EC}.Debug|x86.ActiveCfg = Debug|Any CPU
		{D3294501-3D9B-45BC-A698-A366C36B67EC}.Debug|x86.Build.0 = Debug|Any CPU
		{D3294501-3D9B-45BC-A698-A366C36B67EC}.Release|Any CPU.ActiveCfg = Release|Any CPU
		{D3294501-3D9B-45BC-A698-A366C36B67EC}.Release|Any CPU.Build.0 = Release|Any CPU
		{D3294501-3D9B-45BC-A698-A366C36B67EC}.Release|x64.ActiveCfg = Release|Any CPU
		{D3294501-3D9B-45BC-A698-A366C36B67EC}.Release|x64.Build.0 = Release|Any CPU
		{D3294501-3D9B-45BC-A698-A366C36B67EC}.Release|x86.ActiveCfg = Release|Any CPU
		{D3294501-3D9B-45BC-A698-A366C36B67EC}.Release|x86.Build.0 = Release|Any CPU
	EndGlobalSection
	GlobalSection(SolutionProperties) = preSolution
		HideSolutionNode = FALSE
	EndGlobalSection
	GlobalSection(NestedProjects) = preSolution
		{D9630D4F-34FE-18EB-9EA6-10233B8F9402} = {0BADF6E0-0417-03FB-EBEC-2B61D4053222}
		{6F8A6558-F522-F000-7689-8F59E486DB2E} = {D9630D4F-34FE-18EB-9EA6-10233B8F9402}
		{E486766B-D0B6-7797-A4DD-4E4D4D0257F9} = {6F8A6558-F522-F000-7689-8F59E486DB2E}
		{CE01B7DE-FCA2-94F7-9654-EB9FB9AB5A6E} = {D9630D4F-34FE-18EB-9EA6-10233B8F9402}
		{96B5C9AB-E6EF-9734-58C1-F1CBD9F1B91E} = {CE01B7DE-FCA2-94F7-9654-EB9FB9AB5A6E}
		{B7003042-CD9D-ED0C-D439-5E38897ABDF9} = {D9630D4F-34FE-18EB-9EA6-10233B8F9402}
		{7F558FA8-06D2-49F6-827A-0987500E44EF} = {B7003042-CD9D-ED0C-D439-5E38897ABDF9}
		{175EFD59-4869-4DF3-B9EC-63A478160930} = {B7003042-CD9D-ED0C-D439-5E38897ABDF9}
		{E8EA2FBA-E613-8D0B-BAEA-99ECEA119737} = {D9630D4F-34FE-18EB-9EA6-10233B8F9402}
		{D3294501-3D9B-45BC-A698-A366C36B67EC} = {E8EA2FBA-E613-8D0B-BAEA-99ECEA119737}
	EndGlobalSection
	GlobalSection(ExtensibilityGlobals) = postSolution
		SolutionGuid = {3C3BF20A-D497-4AEA-8600-5B2B4F6069FC}
	EndGlobalSection
EndGlobal
